{
  "name": "@f2pe/unreal-updaters",
  "version": "1.0.0",
  "lockfileVersion": 3,
  "requires": true,
  "packages": {
    "": {
      "name": "@f2pe/unreal-updaters",
      "version": "1.0.0",
      "license": "ISC",
      "dependencies": {
        "detect-indent": "^7.0.1",
        "detect-newline": "^4.0.0",
        "ini": "^3.0.1",
        "stringify-package": "^1.0.1"
      }
    },
    "node_modules/detect-indent": {
      "version": "7.0.1",
      "resolved": "https://registry.npmjs.org/detect-indent/-/detect-indent-7.0.1.tgz",
      "integrity": "sha512-Mc7QhQ8s+cLrnUfU/Ji94vG/r8M26m8f++vyres4ZoojaRDpZ1eSIh/EpzLNwlWuvzSZ3UbDFspjFvTDXe6e/g==",
      "engines": {
        "node": ">=12.20"
      }
    },
    "node_modules/detect-newline": {
      "version": "4.0.0",
      "resolved": "https://registry.npmjs.org/detect-newline/-/detect-newline-4.0.0.tgz",
      "integrity": "sha512-1aXUEPdfGdzVPFpzGJJNgq9o81bGg1s09uxTWsqBlo9PI332uyJRQq13+LK/UN4JfxJbFdCXonUFQ9R/p7yCtw==",
      "engines": {
        "node": "^12.20.0 || ^14.13.1 || >=16.0.0"
      },
      "funding": {
        "url": "https://github.com/sponsors/sindresorhus"
      }
    },
    "node_modules/ini": {
      "version": "3.0.1",
      "resolved": "https://registry.npmjs.org/ini/-/ini-3.0.1.tgz",
      "integrity": "sha512-it4HyVAUTKBc6m8e1iXWvXSTdndF7HbdN713+kvLrymxTaU4AUBWrJ4vEooP+V7fexnVD3LKcBshjGGPefSMUQ==",
      "engines": {
        "node": "^12.13.0 || ^14.15.0 || >=16.0.0"
      }
    },
    "node_modules/stringify-package": {
      "version": "1.0.1",
      "resolved": "https://registry.npmjs.org/stringify-package/-/stringify-package-1.0.1.tgz",
      "integrity": "sha512-sa4DUQsYciMP1xhKWGuFM04fB0LG/9DlluZoSVywUMRNvzid6XucHK0/90xGxRoHrAaROrcHK1aPKaijCtSrhg==",
      "deprecated": "This module is not used anymore, and has been replaced by @npmcli/package-json"
    }
  }
}
